{
  "nodes": {
    "flake-parts": {
      "inputs": {
        "nixpkgs-lib": "nixpkgs-lib"
      },
      "locked": {
        "lastModified": 1749398372,
        "narHash": "sha256-tYBdgS56eXYaWVW3fsnPQ/nFlgWi/Z2Ymhyu21zVM98=",
        "owner": "hercules-ci",
        "repo": "flake-parts",
        "rev": "9305fe4e5c2a6fcf5ba6a3ff155720fbe4076569",
        "type": "github"
      },
      "original": {
        "owner": "hercules-ci",
        "repo": "flake-parts",
        "type": "github"
      }
    },
    "foundryvtt": {
      "inputs": {
        "nixpkgs": "nixpkgs"
      },
      "locked": {
        "lastModified": 1767491610,
        "narHash": "sha256-/Nldo9ILD7T5aQKuyeUccNPXjhNBrovGXEoi5k7m9Bo=",
        "owner": "reckenrode",
        "repo": "nix-foundryvtt",
        "rev": "35e789ba383fbfaa9039005b9b24669c5be6b8ab",
        "type": "github"
      },
      "original": {
        "owner": "reckenrode",
        "repo": "nix-foundryvtt",
        "type": "github"
      }
    },
    "home-manager": {
      "inputs": {
        "nixpkgs": [
          "nixpkgs"
        ]
      },
      "locked": {
        "lastModified": 1770654520,
        "narHash": "sha256-mg5WZMIPGsFu9MxSrUcuJUPMbfMsF77el5yb/7rc10k=",
        "owner": "nix-community",
        "repo": "home-manager",
        "rev": "6c4fdbe1ad198fac36c320fd45c5957324a80b8e",
        "type": "github"
      },
      "original": {
        "owner": "nix-community",
        "repo": "home-manager",
        "type": "github"
      }
    },
    "mangowc": {
      "inputs": {
        "flake-parts": "flake-parts",
        "nixpkgs": [
          "nixpkgs"
        ],
        "scenefx": "scenefx"
      },
      "locked": {
        "lastModified": 1770690691,
        "narHash": "sha256-O+Y5XCcEiWaUy+Kf57m2g0ubMl7StM2lW/VrP53kxZM=",
        "owner": "DreamMaoMao",
        "repo": "mangowc",
        "rev": "783cb86c56f2c0c433df1e3cd4c0bdeb93db6973",
        "type": "github"
      },
      "original": {
        "owner": "DreamMaoMao",
        "repo": "mangowc",
        "type": "github"
      }
    },
    "nixpkgs": {
      "locked": {
        "lastModified": 1757545623,
        "narHash": "sha256-mCxPABZ6jRjUQx3bPP4vjA68ETbPLNz9V2pk9tO7pRQ=",
        "owner": "nixos",
        "repo": "nixpkgs",
        "rev": "8cd5ce828d5d1d16feff37340171a98fc3bf6526",
        "type": "github"
      },
      "original": {
        "owner": "nixos",
        "ref": "nixos-25.05",
        "repo": "nixpkgs",
        "type": "github"
      }
    },
    "nixpkgs-lib": {
      "locked": {
        "lastModified": 1748740939,
        "narHash": "sha256-rQaysilft1aVMwF14xIdGS3sj1yHlI6oKQNBRTF40cc=",
        "owner": "nix-community",
        "repo": "nixpkgs.lib",
        "rev": "656a64127e9d791a334452c6b6606d17539476e2",
        "type": "github"
      },
      "original": {
        "owner": "nix-community",
        "repo": "nixpkgs.lib",
        "type": "github"
      }
    },
    "nixpkgs_2": {
      "locked": {
        "lastModified": 1770562336,
        "narHash": "sha256-ub1gpAONMFsT/GU2hV6ZWJjur8rJ6kKxdm9IlCT0j84=",
        "owner": "NixOS",
        "repo": "nixpkgs",
        "rev": "d6c71932130818840fc8fe9509cf50be8c64634f",
        "type": "github"
      },
      "original": {
        "owner": "NixOS",
        "ref": "nixos-unstable",
        "repo": "nixpkgs",
        "type": "github"
      }
    },
    "root": {
      "inputs": {
        "foundryvtt": "foundryvtt",
        "home-manager": "home-manager",
        "mangowc": "mangowc",
        "nixpkgs": "nixpkgs_2"
      }
    },
    "scenefx": {
      "inputs": {
        "nixpkgs": [
          "mangowc",
          "nixpkgs"
        ]
      },
      "locked": {
        "lastModified": 1750785057,
        "narHash": "sha256-tGX6j4W91rcb+glXJo43sjPI9zQvPotonknG1BdihR4=",
        "owner": "wlrfx",
        "repo": "scenefx",
        "rev": "3a6cfb12e4ba97b43326357d14f7b3e40897adfc",
        "type": "github"
      },
      "original": {
        "owner": "wlrfx",
        "repo": "scenefx",
        "type": "github"
      }
    }
  },
  "root": "root",
  "version": 7
}
